
Microsoft Visual Studio Solution File, Format Version 12.00
# Visual Studio Version 17
VisualStudioVersion = 17.7.34024.191
MinimumVisualStudioVersion = 10.0.40219.1
Project("{FAE04EC0-301F-11D3-BF4B-00C04F79EFBC}") = "MIS3033_002_HW3_AbigailPidgeon", "MIS3033_002_HW3_AbigailPidgeon\MIS3033_002_HW3_AbigailPidgeon.csproj", "{73E540BD-28E3-4025-90E2-3DC3331E9EC2}"
EndProject
Global
	GlobalSection(SolutionConfigurationPlatforms) = preSolution
		Debug|Any CPU = Debug|Any CPU
		Release|Any CPU = Release|Any CPU
	EndGlobalSection
	GlobalSection(ProjectConfigurationPlatforms) = postSolution
		{73E540BD-28E3-4025-90E2-3DC3331E9EC2}.Debug|Any CPU.ActiveCfg = Debug|Any CPU
		{73E540BD-28E3-4025-90E2-3DC3331E9EC2}.Debug|Any CPU.Build.0 = Debug|Any CPU
		{73E540BD-28E3-4025-90E2-3DC3331E9EC2}.Release|Any CPU.ActiveCfg = Release|Any CPU
		{73E540BD-28E3-4025-90E2-3DC3331E9EC2}.Release|Any CPU.Build.0 = Release|Any CPU
	EndGlobalSection
	GlobalSection(SolutionProperties) = preSolution
		HideSolutionNode = FALSE
	EndGlobalSection
	GlobalSection(ExtensibilityGlobals) = postSolution
		SolutionGuid = {FB84EDB9-4F1A-4AD3-BD95-1EEC00506960}
	EndGlobalSection
EndGlobal
